PODS:
  - Alamofire (4.0.1)
  - AlamofireImage (3.1.0):
    - Alamofire (~> 4.0)
  - Bukoli (1.0.0):
    - Alamofire (~> 4.0)
    - AlamofireImage (~> 3.0)
    - ObjectMapper (~> 2.0)
  - ObjectMapper (2.0.0)

DEPENDENCIES:
  - Bukoli (from `../`)

EXTERNAL SOURCES:
  Bukoli:
    :path: ../

SPEC CHECKSUMS:
  Alamofire: 7682d43245de14874acd142ec137b144aa1dd335
  AlamofireImage: bb8c8351c51cb1633bb6be69b6dbbaff37ce65b7
  Bukoli: 6b2a5f67b13237819cd3bcafc4b812216a7de1ed
  ObjectMapper: aed2570edabbd3c9b26c939e1cabdb6558f933e0

PODFILE CHECKSUM: 7900d5c72e7b3f88ff1bf26098cb0d002b03307d

COCOAPODS: 1.1.0.rc.2
